// !$*UTF8*$!
{
 archiveVersion = 1;
 classes = {};
 objectVersion = 77;
 objects = {

  C00000000000000000000001 = { isa = PBXNativeTarget; buildConfigurationList = C00000000000000000000005; buildPhases = (C00000000000000000000006, C00000000000000000000007, C00000000000000000000008); buildRules = (); dependencies = (); fileSystemSynchronizedGroups = (C00000000000000000000002,C00000000000000000000003); name = MoovXWatch; productName = MoovXWatch; productReference = C00000000000000000000004; productType = "com.apple.product-type.application"; };
  C00000000000000000000002 = { isa = PBXFileSystemSynchronizedRootGroup; path = WatchApp; sourceTree = "<group>"; };
  C00000000000000000000003 = { isa = PBXFileSystemSynchronizedRootGroup; path = Shared; sourceTree = "<group>"; };
  C00000000000000000000004 = { isa = PBXFileReference; explicitFileType = wrapper.application; path = MoovXWatch.app; sourceTree = BUILT_PRODUCTS_DIR; };
  C00000000000000000000005 = { isa = XCConfigurationList; buildConfigurations = (C00000000000000000000010,C00000000000000000000011); defaultConfigurationIsVisible = 0; defaultConfigurationName = Release; };
  C00000000000000000000006 = { isa = PBXSourcesBuildPhase; buildActionMask = 2147483647; files = (); runOnlyForDeploymentPostprocessing = 0; };
  C00000000000000000000007 = { isa = PBXFrameworksBuildPhase; buildActionMask = 2147483647; files = (); runOnlyForDeploymentPostprocessing = 0; };
  C00000000000000000000008 = { isa = PBXResourcesBuildPhase; buildActionMask = 2147483647; files = (); runOnlyForDeploymentPostprocessing = 0; };
  C00000000000000000000009 = { isa = PBXCopyFilesBuildPhase; buildActionMask = 2147483647; dstPath = "$(CONTENTS_FOLDER_PATH)/Watch"; dstSubfolderSpec = 16; files = (C0000000000000000000000A); name = "Embed Watch Content"; runOnlyForDeploymentPostprocessing = 0; };
  C0000000000000000000000A = { isa = PBXBuildFile; fileRef = C00000000000000000000004; settings = { ATTRIBUTES = (RemoveHeadersOnCopy); }; };
  C0000000000000000000000B = { isa = PBXTargetDependency; target = C00000000000000000000001; targetProxy = C0000000000000000000000C; };
  C0000000000000000000000C = { isa = PBXContainerItemProxy; containerPortal = A00000000000000000000001; proxyType = 1; remoteGlobalIDString = C00000000000000000000001; remoteInfo = MoovXWatch; };
  C00000000000000000000010 = { isa = XCBuildConfiguration; name = Debug; buildSettings = { SWIFT_ACTIVE_COMPILATION_CONDITIONS = DEBUG; SDKROOT = watchos; SKIP_INSTALL = YES; PRODUCT_BUNDLE_IDENTIFIER = ch.moovx.prototype.watchkitapp; PRODUCT_NAME = "$(TARGET_NAME)"; GENERATE_INFOPLIST_FILE = YES; CODE_SIGN_ENTITLEMENTS = WatchApp.entitlements; ASSETCATALOG_COMPILER_APPICON_NAME = AppIcon; CODE_SIGN_STYLE = Automatic; WATCHOS_DEPLOYMENT_TARGET = 10.0; TARGETED_DEVICE_FAMILY = 4; SUPPORTED_PLATFORMS = "watchos watchsimulator"; INFOPLIST_KEY_WKApplication = YES; INFOPLIST_KEY_WKCompanionAppBundleIdentifier = ch.moovx.prototype; INFOPLIST_KEY_CFBundleDisplayName = MoovX; INFOPLIST_FILE = WatchInfo.plist; INFOPLIST_KEY_NSHealthShareUsageDescription = "MoovX affiche votre rythme cardiaque et vos calories pendant l'entraînement."; INFOPLIST_KEY_NSHealthUpdateUsageDescription = "MoovX enregistre votre entraînement dans Santé."; MARKETING_VERSION = 1.0; CURRENT_PROJECT_VERSION = 14; }; };
  C00000000000000000000011 = { isa = XCBuildConfiguration; name = Release; buildSettings = { SDKROOT = watchos; SKIP_INSTALL = YES; PRODUCT_BUNDLE_IDENTIFIER = ch.moovx.app.watchkitapp; PRODUCT_NAME = "$(TARGET_NAME)"; GENERATE_INFOPLIST_FILE = YES; CODE_SIGN_ENTITLEMENTS = WatchApp.entitlements; ASSETCATALOG_COMPILER_APPICON_NAME = AppIcon; CODE_SIGN_STYLE = Automatic; WATCHOS_DEPLOYMENT_TARGET = 10.0; TARGETED_DEVICE_FAMILY = 4; SUPPORTED_PLATFORMS = "watchos watchsimulator"; INFOPLIST_KEY_WKApplication = YES; INFOPLIST_KEY_WKCompanionAppBundleIdentifier = ch.moovx.app; INFOPLIST_KEY_CFBundleDisplayName = MoovX; INFOPLIST_FILE = WatchInfo.plist; INFOPLIST_KEY_NSHealthShareUsageDescription = "MoovX affiche votre rythme cardiaque et vos calories pendant l'entraînement."; INFOPLIST_KEY_NSHealthUpdateUsageDescription = "MoovX enregistre votre entraînement dans Santé."; MARKETING_VERSION = 1.0; CURRENT_PROJECT_VERSION = 14; }; };

  B00000000000000000000001 = { isa = PBXNativeTarget; buildConfigurationList = B00000000000000000000004; buildPhases = (B00000000000000000000005, B00000000000000000000006, B00000000000000000000007); buildRules = (); dependencies = (B00000000000000000000008); fileSystemSynchronizedGroups = (B00000000000000000000002); name = AthenaStoreKitTests; productName = AthenaStoreKitTests; productReference = B00000000000000000000003; productType = "com.apple.product-type.bundle.unit-test"; };
  B00000000000000000000002 = { isa = PBXFileSystemSynchronizedRootGroup; path = StoreKitTests; sourceTree = "<group>"; };
  B00000000000000000000003 = { isa = PBXFileReference; explicitFileType = wrapper.cfbundle; path = AthenaStoreKitTests.xctest; sourceTree = BUILT_PRODUCTS_DIR; };
  B00000000000000000000004 = { isa = XCConfigurationList; buildConfigurations = (B00000000000000000000010, B00000000000000000000011); defaultConfigurationIsVisible = 0; defaultConfigurationName = Release; };
  B00000000000000000000005 = { isa = PBXSourcesBuildPhase; buildActionMask = 2147483647; files = (); runOnlyForDeploymentPostprocessing = 0; };
  B00000000000000000000006 = { isa = PBXFrameworksBuildPhase; buildActionMask = 2147483647; files = (); runOnlyForDeploymentPostprocessing = 0; };
  B00000000000000000000007 = { isa = PBXResourcesBuildPhase; buildActionMask = 2147483647; files = (); runOnlyForDeploymentPostprocessing = 0; };
  B00000000000000000000008 = { isa = PBXTargetDependency; target = A00000000000000000000005; targetProxy = B00000000000000000000009; };
  B00000000000000000000009 = { isa = PBXContainerItemProxy; containerPortal = A00000000000000000000001; proxyType = 1; remoteGlobalIDString = A00000000000000000000005; remoteInfo = MoovXPrototype; };
  B00000000000000000000010 = { isa = XCBuildConfiguration; name = Debug; buildSettings = { PRODUCT_BUNDLE_IDENTIFIER = ch.moovx.prototype.storekit-tests; PRODUCT_NAME = "$(TARGET_NAME)"; GENERATE_INFOPLIST_FILE = YES; IPHONEOS_DEPLOYMENT_TARGET = 17.0; TARGETED_DEVICE_FAMILY = 1; SUPPORTED_PLATFORMS = iphonesimulator; CODE_SIGNING_ALLOWED = NO; TEST_HOST = "$(BUILT_PRODUCTS_DIR)/MoovXPrototype.app/$(BUNDLE_EXECUTABLE_FOLDER_PATH)/MoovXPrototype"; BUNDLE_LOADER = "$(TEST_HOST)"; }; };
  B00000000000000000000011 = { isa = XCBuildConfiguration; name = Release; buildSettings = { PRODUCT_BUNDLE_IDENTIFIER = ch.moovx.prototype.storekit-tests; PRODUCT_NAME = "$(TARGET_NAME)"; GENERATE_INFOPLIST_FILE = YES; IPHONEOS_DEPLOYMENT_TARGET = 17.0; TARGETED_DEVICE_FAMILY = 1; SUPPORTED_PLATFORMS = iphonesimulator; CODE_SIGNING_ALLOWED = NO; TEST_HOST = "$(BUILT_PRODUCTS_DIR)/MoovXPrototype.app/$(BUNDLE_EXECUTABLE_FOLDER_PATH)/MoovXPrototype"; BUNDLE_LOADER = "$(TEST_HOST)"; }; };

  A00000000000000000000001 = {
   isa = PBXProject;
   attributes = { BuildIndependentTargetsInParallel = YES; LastUpgradeCheck = 2700; };
   buildConfigurationList = A00000000000000000000002;
   compatibilityVersion = "Xcode 16.0";
   developmentRegion = fr;
   hasScannedForEncodings = 0;
   knownRegions = (fr, en, de, Base);
   mainGroup = A00000000000000000000003;
   productRefGroup = A00000000000000000000004;
   projectDirPath = "";
   projectRoot = "";
   targets = (A00000000000000000000005, B00000000000000000000001, C00000000000000000000001);
  };
  A00000000000000000000002 = { isa = XCConfigurationList; buildConfigurations = (A00000000000000000000010, A00000000000000000000011); defaultConfigurationIsVisible = 0; defaultConfigurationName = Release; };
  A00000000000000000000003 = { isa = PBXGroup; children = (C00000000000000000000002, C00000000000000000000003, A00000000000000000000006, B00000000000000000000002, A00000000000000000000004); sourceTree = "<group>"; };
  A00000000000000000000004 = { isa = PBXGroup; children = (C00000000000000000000004, A00000000000000000000007, B00000000000000000000003); name = Products; sourceTree = "<group>"; };
  A00000000000000000000005 = {
   isa = PBXNativeTarget;
   buildConfigurationList = A00000000000000000000008;
   buildPhases = (A00000000000000000000009, A0000000000000000000000A, A0000000000000000000000B, C00000000000000000000009);
   buildRules = ();
   dependencies = (C0000000000000000000000B);
   fileSystemSynchronizedGroups = (A00000000000000000000006, C00000000000000000000003);
   name = MoovXPrototype;
   productName = MoovXPrototype;
   productReference = A00000000000000000000007;
   productType = "com.apple.product-type.application";
  };
  A00000000000000000000006 = { isa = PBXFileSystemSynchronizedRootGroup; path = App; sourceTree = "<group>"; };
  A00000000000000000000007 = { isa = PBXFileReference; explicitFileType = wrapper.application; includeInIndex = 0; path = MoovXPrototype.app; sourceTree = BUILT_PRODUCTS_DIR; };
  A00000000000000000000008 = { isa = XCConfigurationList; buildConfigurations = (A00000000000000000000012, A00000000000000000000013); defaultConfigurationIsVisible = 0; defaultConfigurationName = Release; };
  A00000000000000000000009 = { isa = PBXSourcesBuildPhase; buildActionMask = 2147483647; files = (); runOnlyForDeploymentPostprocessing = 0; };
  A0000000000000000000000A = { isa = PBXFrameworksBuildPhase; buildActionMask = 2147483647; files = (); runOnlyForDeploymentPostprocessing = 0; };
  A0000000000000000000000B = { isa = PBXResourcesBuildPhase; buildActionMask = 2147483647; files = (); runOnlyForDeploymentPostprocessing = 0; };
  A00000000000000000000010 = { isa = XCBuildConfiguration; name = Debug; buildSettings = { CLANG_ENABLE_MODULES = YES; SDKROOT = iphoneos; SWIFT_VERSION = 5.0; SWIFT_OPTIMIZATION_LEVEL = "-Onone"; DEBUG_INFORMATION_FORMAT = dwarf; }; };
  A00000000000000000000011 = { isa = XCBuildConfiguration; name = Release; buildSettings = { CLANG_ENABLE_MODULES = YES; SDKROOT = iphoneos; SWIFT_VERSION = 5.0; SWIFT_COMPILATION_MODE = wholemodule; }; };
  A00000000000000000000012 = {
   isa = XCBuildConfiguration; name = Debug;
   buildSettings = {
    PRODUCT_BUNDLE_IDENTIFIER = ch.moovx.prototype;
    PRODUCT_NAME = "$(TARGET_NAME)";
    GENERATE_INFOPLIST_FILE = YES;
    CODE_SIGN_ENTITLEMENTS = MoovXPrototype.entitlements;
    ASSETCATALOG_COMPILER_APPICON_NAME = AppIcon;
    INFOPLIST_KEY_CFBundleDisplayName = "MoovX Test";
    INFOPLIST_KEY_NSHealthShareUsageDescription = "MoovX lit vos calories actives et au repos pour comparer votre dépense quotidienne aux repas enregistrés, et votre rythme cardiaque pendant une séance Watch.";
    INFOPLIST_KEY_NSHealthUpdateUsageDescription = "MoovX enregistre vos entraînements Apple Watch dans Santé lorsque vous activez cette fonction.";
    INFOPLIST_KEY_NSCameraUsageDescription = "MoovX utilise la caméra pour photographier un repas et scanner un code-barres quand vous choisissez ces fonctions.";
    INFOPLIST_KEY_UILaunchStoryboardName = LaunchScreen;
    INFOPLIST_KEY_UIApplicationSceneManifest_Generation = YES;
    INFOPLIST_KEY_UISupportedInterfaceOrientations = "UIInterfaceOrientationPortrait UIInterfaceOrientationLandscapeLeft UIInterfaceOrientationLandscapeRight";
    IPHONEOS_DEPLOYMENT_TARGET = 17.0;
    TARGETED_DEVICE_FAMILY = 1;
    SUPPORTED_PLATFORMS = iphonesimulator;
    CODE_SIGNING_ALLOWED = NO;
    SWIFT_ACTIVE_COMPILATION_CONDITIONS = DEBUG;
    ENABLE_TESTABILITY = YES;
    MARKETING_VERSION = 1.0;
    CURRENT_PROJECT_VERSION = 14;
   };
  };
  A00000000000000000000013 = {
   isa = XCBuildConfiguration; name = Release;
   buildSettings = {
    PRODUCT_BUNDLE_IDENTIFIER = ch.moovx.app;
    PRODUCT_NAME = "$(TARGET_NAME)";
    GENERATE_INFOPLIST_FILE = YES;
    CODE_SIGN_ENTITLEMENTS = MoovXPrototype.entitlements;
    ASSETCATALOG_COMPILER_APPICON_NAME = AppIcon;
    INFOPLIST_KEY_CFBundleDisplayName = MoovX;
    INFOPLIST_KEY_NSHealthShareUsageDescription = "MoovX lit vos calories actives et au repos pour comparer votre dépense quotidienne aux repas enregistrés, et votre rythme cardiaque pendant une séance Watch.";
    INFOPLIST_KEY_NSHealthUpdateUsageDescription = "MoovX enregistre vos entraînements Apple Watch dans Santé lorsque vous activez cette fonction.";
    INFOPLIST_KEY_NSCameraUsageDescription = "MoovX utilise la caméra pour photographier un repas et scanner un code-barres quand vous choisissez ces fonctions.";
    INFOPLIST_KEY_UILaunchStoryboardName = LaunchScreen;
    INFOPLIST_KEY_UIApplicationSceneManifest_Generation = YES;
    INFOPLIST_KEY_UISupportedInterfaceOrientations = "UIInterfaceOrientationPortrait UIInterfaceOrientationLandscapeLeft UIInterfaceOrientationLandscapeRight";
    IPHONEOS_DEPLOYMENT_TARGET = 17.0;
    TARGETED_DEVICE_FAMILY = 1;
    SUPPORTED_PLATFORMS = "iphoneos iphonesimulator";
    CODE_SIGN_STYLE = Automatic;
    MARKETING_VERSION = 1.0;
    CURRENT_PROJECT_VERSION = 14;
   };
  };
 };
 rootObject = A00000000000000000000001;
}
